
Microsoft Visual Studio Solution File, Format Version 12.00
# Visual Studio Version 16
VisualStudioVersion = 16.0.29509.3
MinimumVisualStudioVersion = 10.0.40219.1
Project("{FAE04EC0-301F-11D3-BF4B-00C04F79EFBC}") = "HMS-API", "HMS-API\HMS-API.csproj", "{32C18B0A-BF68-46F5-839D-63AB828261F0}"
EndProject
Project("{FAE04EC0-301F-11D3-BF4B-00C04F79EFBC}") = "Model", "Model\Model.csproj", "{FB9A68A9-0158-439A-BC9F-D373F208960C}"
EndProject
Global
	GlobalSection(SolutionConfigurationPlatforms) = preSolution
		Debug|Any CPU = Debug|Any CPU
		Release|Any CPU = Release|Any CPU
	EndGlobalSection
	GlobalSection(ProjectConfigurationPlatforms) = postSolution
		{32C18B0A-BF68-46F5-839D-63AB828261F0}.Debug|Any CPU.ActiveCfg = Debug|Any CPU
		{32C18B0A-BF68-46F5-839D-63AB828261F0}.Debug|Any CPU.Build.0 = Debug|Any CPU
		{32C18B0A-BF68-46F5-839D-63AB828261F0}.Release|Any CPU.ActiveCfg = Release|Any CPU
		{32C18B0A-BF68-46F5-839D-63AB828261F0}.Release|Any CPU.Build.0 = Release|Any CPU
		{FB9A68A9-0158-439A-BC9F-D373F208960C}.Debug|Any CPU.ActiveCfg = Debug|Any CPU
		{FB9A68A9-0158-439A-BC9F-D373F208960C}.Debug|Any CPU.Build.0 = Debug|Any CPU
		{FB9A68A9-0158-439A-BC9F-D373F208960C}.Release|Any CPU.ActiveCfg = Release|Any CPU
		{FB9A68A9-0158-439A-BC9F-D373F208960C}.Release|Any CPU.Build.0 = Release|Any CPU
	EndGlobalSection
	GlobalSection(SolutionProperties) = preSolution
		HideSolutionNode = FALSE
	EndGlobalSection
	GlobalSection(ExtensibilityGlobals) = postSolution
		SolutionGuid = {0CE838EA-7ED8-4EDF-82E7-A6B26D6B3600}
	EndGlobalSection
EndGlobal
